
Microsoft Visual Studio Solution File, Format Version 12.00
# Visual Studio Version 17
VisualStudioVersion = 17.14.36121.58 d17.14
MinimumVisualStudioVersion = 10.0.40219.1
Project("{FAE04EC0-301F-11D3-BF4B-00C04F79EFBC}") = "ProjetoCadastro", "ProjetoCadastro\ProjetoCadastro.csproj", "{ADBD2B4E-AB3A-4274-B6EA-67E0D2EFC227}"
EndProject
Global
	GlobalSection(SolutionConfigurationPlatforms) = preSolution
		Debug|Any CPU = Debug|Any CPU
		Release|Any CPU = Release|Any CPU
	EndGlobalSection
	GlobalSection(ProjectConfigurationPlatforms) = postSolution
		{ADBD2B4E-AB3A-4274-B6EA-67E0D2EFC227}.Debug|Any CPU.ActiveCfg = Debug|Any CPU
		{ADBD2B4E-AB3A-4274-B6EA-67E0D2EFC227}.Debug|Any CPU.Build.0 = Debug|Any CPU
		{ADBD2B4E-AB3A-4274-B6EA-67E0D2EFC227}.Release|Any CPU.ActiveCfg = Release|Any CPU
		{ADBD2B4E-AB3A-4274-B6EA-67E0D2EFC227}.Release|Any CPU.Build.0 = Release|Any CPU
	EndGlobalSection
	GlobalSection(SolutionProperties) = preSolution
		HideSolutionNode = FALSE
	EndGlobalSection
	GlobalSection(ExtensibilityGlobals) = postSolution
		SolutionGuid = {93AE9692-B801-4D52-8B16-F3FA7F49ED18}
	EndGlobalSection
EndGlobal
